// !$*UTF8*$!
{
	archiveVersion = 1;
	classes = {
	};
	objectVersion = 55;
	objects = {

/* Begin PBXBuildFile section */
		887B799F28B7D07300BFE6D6 /* AppDelegate.swift in Sources */ = {isa = PBXBuildFile; fileRef = 887B799E28B7D07300BFE6D6 /* AppDelegate.swift */; };
		887B79A128B7D07300BFE6D6 /* SceneDelegate.swift in Sources */ = {isa = PBXBuildFile; fileRef = 887B79A028B7D07300BFE6D6 /* SceneDelegate.swift */; };
		887B79A328B7D07300BFE6D6 /* MainTabBarViewController.swift in Sources */ = {isa = PBXBuildFile; fileRef = 887B79A228B7D07300BFE6D6 /* MainTabBarViewController.swift */; };
		887B79A828B7D07500BFE6D6 /* Assets.xcassets in Resources */ = {isa = PBXBuildFile; fileRef = 887B79A728B7D07500BFE6D6 /* Assets.xcassets */; };
		887B79AB28B7D07500BFE6D6 /* LaunchScreen.storyboard in Resources */ = {isa = PBXBuildFile; fileRef = 887B79A928B7D07500BFE6D6 /* LaunchScreen.storyboard */; };
		887B79B628B7D07500BFE6D6 /* TwitterCloneTests.swift in Sources */ = {isa = PBXBuildFile; fileRef = 887B79B528B7D07500BFE6D6 /* TwitterCloneTests.swift */; };
		887B79C028B7D07500BFE6D6 /* TwitterCloneUITests.swift in Sources */ = {isa = PBXBuildFile; fileRef = 887B79BF28B7D07500BFE6D6 /* TwitterCloneUITests.swift */; };
		887B79C228B7D07500BFE6D6 /* TwitterCloneUITestsLaunchTests.swift in Sources */ = {isa = PBXBuildFile; fileRef = 887B79C128B7D07500BFE6D6 /* TwitterCloneUITestsLaunchTests.swift */; };
		887B79D228B7D24B00BFE6D6 /* HomeViewController.swift in Sources */ = {isa = PBXBuildFile; fileRef = 887B79D128B7D24B00BFE6D6 /* HomeViewController.swift */; };
		887B79D428B7D25900BFE6D6 /* SearchViewController.swift in Sources */ = {isa = PBXBuildFile; fileRef = 887B79D328B7D25900BFE6D6 /* SearchViewController.swift */; };
		887B79D628B7D26700BFE6D6 /* NotificationsViewController.swift in Sources */ = {isa = PBXBuildFile; fileRef = 887B79D528B7D26700BFE6D6 /* NotificationsViewController.swift */; };
		887B79D828B7D27200BFE6D6 /* DirectMessagesViewController.swift in Sources */ = {isa = PBXBuildFile; fileRef = 887B79D728B7D27200BFE6D6 /* DirectMessagesViewController.swift */; };
		88DC928428B7D81D00FB52A2 /* TweetTableViewCell.swift in Sources */ = {isa = PBXBuildFile; fileRef = 88DC928328B7D81D00FB52A2 /* TweetTableViewCell.swift */; };
		88DC928928B7FB6600FB52A2 /* ProfileViewController.swift in Sources */ = {isa = PBXBuildFile; fileRef = 88DC928828B7FB6600FB52A2 /* ProfileViewController.swift */; };
		88DC928B28BA7ADB00FB52A2 /* ProfileHeaderView.swift in Sources */ = {isa = PBXBuildFile; fileRef = 88DC928A28BA7ADB00FB52A2 /* ProfileHeaderView.swift */; };
/* End PBXBuildFile section */

/* Begin PBXContainerItemProxy section */
		887B79B228B7D07500BFE6D6 /* PBXContainerItemProxy */ = {
			isa = PBXContainerItemProxy;
			containerPortal = 887B799328B7D07300BFE6D6 /* Project object */;
			proxyType = 1;
			remoteGlobalIDString = 887B799A28B7D07300BFE6D6;
			remoteInfo = TwitterClone;
		};
		887B79BC28B7D07500BFE6D6 /* PBXContainerItemProxy */ = {
			isa = PBXContainerItemProxy;
			containerPortal = 887B799328B7D07300BFE6D6 /* Project object */;
			proxyType = 1;
			remoteGlobalIDString = 887B799A28B7D07300BFE6D6;
			remoteInfo = TwitterClone;
		};
/* End PBXContainerItemProxy section */

/* Begin PBXFileReference section */
		887B799B28B7D07300BFE6D6 /* TwitterClone.app */ = {isa = PBXFileReference; explicitFileType = wrapper.application; includeInIndex = 0; path = TwitterClone.app; sourceTree = BUILT_PRODUCTS_DIR; };
		887B799E28B7D07300BFE6D6 /* AppDelegate.swift */ = {isa = PBXFileReference; lastKnownFileType = sourcecode.swift; path = AppDelegate.swift; sourceTree = "<group>"; };
		887B79A028B7D07300BFE6D6 /* SceneDelegate.swift */ = {isa = PBXFileReference; lastKnownFileType = sourcecode.swift; path = SceneDelegate.swift; sourceTree = "<group>"; };
		887B79A228B7D07300BFE6D6 /* MainTabBarViewController.swift */ = {isa = PBXFileReference; lastKnownFileType = sourcecode.swift; path = MainTabBarViewController.swift; sourceTree = "<group>"; };
		887B79A728B7D07500BFE6D6 /* Assets.xcassets */ = {isa = PBXFileReference; lastKnownFileType = folder.assetcatalog; path = Assets.xcassets; sourceTree = "<group>"; };
		887B79AA28B7D07500BFE6D6 /* Base */ = {isa = PBXFileReference; lastKnownFileType = file.storyboard; name = Base; path = Base.lproj/LaunchScreen.storyboard; sourceTree = "<group>"; };
		887B79AC28B7D07500BFE6D6 /* Info.plist */ = {isa = PBXFileReference; lastKnownFileType = text.plist.xml; path = Info.plist; sourceTree = "<group>"; };
		887B79B128B7D07500BFE6D6 /* TwitterCloneTests.xctest */ = {isa = PBXFileReference; explicitFileType = wrapper.cfbundle; includeInIndex = 0; path = TwitterCloneTests.xctest; sourceTree = BUILT_PRODUCTS_DIR; };
		887B79B528B7D07500BFE6D6 /* TwitterCloneTests.swift */ = {isa = PBXFileReference; lastKnownFileType = sourcecode.swift; path = TwitterCloneTests.swift; sourceTree = "<group>"; };
		887B79BB28B7D07500BFE6D6 /* TwitterCloneUITests.xctest */ = {isa = PBXFileReference; explicitFileType = wrapper.cfbundle; includeInIndex = 0; path = TwitterCloneUITests.xctest; sourceTree = BUILT_PRODUCTS_DIR; };
		887B79BF28B7D07500BFE6D6 /* TwitterCloneUITests.swift */ = {isa = PBXFileReference; lastKnownFileType = sourcecode.swift; path = TwitterCloneUITests.swift; sourceTree = "<group>"; };
		887B79C128B7D07500BFE6D6 /* TwitterCloneUITestsLaunchTests.swift */ = {isa = PBXFileReference; lastKnownFileType = sourcecode.swift; path = TwitterCloneUITestsLaunchTests.swift; sourceTree = "<group>"; };
		887B79D128B7D24B00BFE6D6 /* HomeViewController.swift */ = {isa = PBXFileReference; lastKnownFileType = sourcecode.swift; path = HomeViewController.swift; sourceTree = "<group>"; };
		887B79D328B7D25900BFE6D6 /* SearchViewController.swift */ = {isa = PBXFileReference; lastKnownFileType = sourcecode.swift; path = SearchViewController.swift; sourceTree = "<group>"; };
		887B79D528B7D26700BFE6D6 /* NotificationsViewController.swift */ = {isa = PBXFileReference; lastKnownFileType = sourcecode.swift; path = NotificationsViewController.swift; sourceTree = "<group>"; };
		887B79D728B7D27200BFE6D6 /* DirectMessagesViewController.swift */ = {isa = PBXFileReference; lastKnownFileType = sourcecode.swift; path = DirectMessagesViewController.swift; sourceTree = "<group>"; };
		88DC928328B7D81D00FB52A2 /* TweetTableViewCell.swift */ = {isa = PBXFileReference; lastKnownFileType = sourcecode.swift; path = TweetTableViewCell.swift; sourceTree = "<group>"; };
		88DC928828B7FB6600FB52A2 /* ProfileViewController.swift */ = {isa = PBXFileReference; lastKnownFileType = sourcecode.swift; path = ProfileViewController.swift; sourceTree = "<group>"; };
		88DC928A28BA7ADB00FB52A2 /* ProfileHeaderView.swift */ = {isa = PBXFileReference; lastKnownFileType = sourcecode.swift; path = ProfileHeaderView.swift; sourceTree = "<group>"; };
/* End PBXFileReference section */

/* Begin PBXFrameworksBuildPhase section */
		887B799828B7D07300BFE6D6 /* Frameworks */ = {
			isa = PBXFrameworksBuildPhase;
			buildActionMask = 2147483647;
			files = (
			);
			runOnlyForDeploymentPostprocessing = 0;
		};
		887B79AE28B7D07500BFE6D6 /* Frameworks */ = {
			isa = PBXFrameworksBuildPhase;
			buildActionMask = 2147483647;
			files = (
			);
			runOnlyForDeploymentPostprocessing = 0;
		};
		887B79B828B7D07500BFE6D6 /* Frameworks */ = {
			isa = PBXFrameworksBuildPhase;
			buildActionMask = 2147483647;
			files = (
			);
			runOnlyForDeploymentPostprocessing = 0;
		};
/* End PBXFrameworksBuildPhase section */

/* Begin PBXGroup section */
		887B799228B7D07300BFE6D6 = {
			isa = PBXGroup;
			children = (
				887B799D28B7D07300BFE6D6 /* TwitterClone */,
				887B79B428B7D07500BFE6D6 /* TwitterCloneTests */,
				887B79BE28B7D07500BFE6D6 /* TwitterCloneUITests */,
				887B799C28B7D07300BFE6D6 /* Products */,
			);
			sourceTree = "<group>";
		};
		887B799C28B7D07300BFE6D6 /* Products */ = {
			isa = PBXGroup;
			children = (
				887B799B28B7D07300BFE6D6 /* TwitterClone.app */,
				887B79B128B7D07500BFE6D6 /* TwitterCloneTests.xctest */,
				887B79BB28B7D07500BFE6D6 /* TwitterCloneUITests.xctest */,
			);
			name = Products;
			sourceTree = "<group>";
		};
		887B799D28B7D07300BFE6D6 /* TwitterClone */ = {
			isa = PBXGroup;
			children = (
				88DC928228B7D80A00FB52A2 /* Views */,
				887B79D028B7D22800BFE6D6 /* App+Scene Delegate */,
				887B79CE28B7D21600BFE6D6 /* Controllers */,
				887B79A728B7D07500BFE6D6 /* Assets.xcassets */,
				887B79A928B7D07500BFE6D6 /* LaunchScreen.storyboard */,
				887B79AC28B7D07500BFE6D6 /* Info.plist */,
			);
			path = TwitterClone;
			sourceTree = "<group>";
		};
		887B79B428B7D07500BFE6D6 /* TwitterCloneTests */ = {
			isa = PBXGroup;
			children = (
				887B79B528B7D07500BFE6D6 /* TwitterCloneTests.swift */,
			);
			path = TwitterCloneTests;
			sourceTree = "<group>";
		};
		887B79BE28B7D07500BFE6D6 /* TwitterCloneUITests */ = {
			isa = PBXGroup;
			children = (
				887B79BF28B7D07500BFE6D6 /* TwitterCloneUITests.swift */,
				887B79C128B7D07500BFE6D6 /* TwitterCloneUITestsLaunchTests.swift */,
			);
			path = TwitterCloneUITests;
			sourceTree = "<group>";
		};
		887B79CE28B7D21600BFE6D6 /* Controllers */ = {
			isa = PBXGroup;
			children = (
				887B79D928B7D2A900BFE6D6 /* Setup */,
				887B79CF28B7D22200BFE6D6 /* Main */,
				88DC928628B7FB4200FB52A2 /* Secondary */,
			);
			path = Controllers;
			sourceTree = "<group>";
		};
		887B79CF28B7D22200BFE6D6 /* Main */ = {
			isa = PBXGroup;
			children = (
				887B79D128B7D24B00BFE6D6 /* HomeViewController.swift */,
				887B79D328B7D25900BFE6D6 /* SearchViewController.swift */,
				887B79D528B7D26700BFE6D6 /* NotificationsViewController.swift */,
				887B79D728B7D27200BFE6D6 /* DirectMessagesViewController.swift */,
			);
			path = Main;
			sourceTree = "<group>";
		};
		887B79D028B7D22800BFE6D6 /* App+Scene Delegate */ = {
			isa = PBXGroup;
			children = (
				887B799E28B7D07300BFE6D6 /* AppDelegate.swift */,
				887B79A028B7D07300BFE6D6 /* SceneDelegate.swift */,
			);
			path = "App+Scene Delegate";
			sourceTree = "<group>";
		};
		887B79D928B7D2A900BFE6D6 /* Setup */ = {
			isa = PBXGroup;
			children = (
				887B79A228B7D07300BFE6D6 /* MainTabBarViewController.swift */,
			);
			path = Setup;
			sourceTree = "<group>";
		};
		88DC928228B7D80A00FB52A2 /* Views */ = {
			isa = PBXGroup;
			children = (
				88DC928528B7E8C800FB52A2 /* TableViewCells */,
			);
			path = Views;
			sourceTree = "<group>";
		};
		88DC928528B7E8C800FB52A2 /* TableViewCells */ = {
			isa = PBXGroup;
			children = (
				88DC928328B7D81D00FB52A2 /* TweetTableViewCell.swift */,
			);
			path = TableViewCells;
			sourceTree = "<group>";
		};
		88DC928628B7FB4200FB52A2 /* Secondary */ = {
			isa = PBXGroup;
			children = (
				88DC928828B7FB6600FB52A2 /* ProfileViewController.swift */,
				88DC928A28BA7ADB00FB52A2 /* ProfileHeaderView.swift */,
			);
			path = Secondary;
			sourceTree = "<group>";
		};
/* End PBXGroup section */

/* Begin PBXNativeTarget section */
		887B799A28B7D07300BFE6D6 /* TwitterClone */ = {
			isa = PBXNativeTarget;
			buildConfigurationList = 887B79C528B7D07500BFE6D6 /* Build configuration list for PBXNativeTarget "TwitterClone" */;
			buildPhases = (
				887B799728B7D07300BFE6D6 /* Sources */,
				887B799828B7D07300BFE6D6 /* Frameworks */,
				887B799928B7D07300BFE6D6 /* Resources */,
			);
			buildRules = (
			);
			dependencies = (
			);
			name = TwitterClone;
			productName = TwitterClone;
			productReference = 887B799B28B7D07300BFE6D6 /* TwitterClone.app */;
			productType = "com.apple.product-type.application";
		};
		887B79B028B7D07500BFE6D6 /* TwitterCloneTests */ = {
			isa = PBXNativeTarget;
			buildConfigurationList = 887B79C828B7D07500BFE6D6 /* Build configuration list for PBXNativeTarget "TwitterCloneTests" */;
			buildPhases = (
				887B79AD28B7D07500BFE6D6 /* Sources */,
				887B79AE28B7D07500BFE6D6 /* Frameworks */,
				887B79AF28B7D07500BFE6D6 /* Resources */,
			);
			buildRules = (
			);
			dependencies = (
				887B79B328B7D07500BFE6D6 /* PBXTargetDependency */,
			);
			name = TwitterCloneTests;
			productName = TwitterCloneTests;
			productReference = 887B79B128B7D07500BFE6D6 /* TwitterCloneTests.xctest */;
			productType = "com.apple.product-type.bundle.unit-test";
		};
		887B79BA28B7D07500BFE6D6 /* TwitterCloneUITests */ = {
			isa = PBXNativeTarget;
			buildConfigurationList = 887B79CB28B7D07500BFE6D6 /* Build configuration list for PBXNativeTarget "TwitterCloneUITests" */;
			buildPhases = (
				887B79B728B7D07500BFE6D6 /* Sources */,
				887B79B828B7D07500BFE6D6 /* Frameworks */,
				887B79B928B7D07500BFE6D6 /* Resources */,
			);
			buildRules = (
			);
			dependencies = (
				887B79BD28B7D07500BFE6D6 /* PBXTargetDependency */,
			);
			name = TwitterCloneUITests;
			productName = TwitterCloneUITests;
			productReference = 887B79BB28B7D07500BFE6D6 /* TwitterCloneUITests.xctest */;
			productType = "com.apple.product-type.bundle.ui-testing";
		};
/* End PBXNativeTarget section */

/* Begin PBXProject section */
		887B799328B7D07300BFE6D6 /* Project object */ = {
			isa = PBXProject;
			attributes = {
				BuildIndependentTargetsInParallel = 1;
				LastSwiftUpdateCheck = 1340;
				LastUpgradeCheck = 1340;
				TargetAttributes = {
					887B799A28B7D07300BFE6D6 = {
						CreatedOnToolsVersion = 13.4.1;
					};
					887B79B028B7D07500BFE6D6 = {
						CreatedOnToolsVersion = 13.4.1;
						TestTargetID = 887B799A28B7D07300BFE6D6;
					};
					887B79BA28B7D07500BFE6D6 = {
						CreatedOnToolsVersion = 13.4.1;
						TestTargetID = 887B799A28B7D07300BFE6D6;
					};
				};
			};
			buildConfigurationList = 887B799628B7D07300BFE6D6 /* Build configuration list for PBXProject "TwitterClone" */;
			compatibilityVersion = "Xcode 13.0";
			developmentRegion = en;
			hasScannedForEncodings = 0;
			knownRegions = (
				en,
				Base,
			);
			mainGroup = 887B799228B7D07300BFE6D6;
			productRefGroup = 887B799C28B7D07300BFE6D6 /* Products */;
			projectDirPath = "";
			projectRoot = "";
			targets = (
				887B799A28B7D07300BFE6D6 /* TwitterClone */,
				887B79B028B7D07500BFE6D6 /* TwitterCloneTests */,
				887B79BA28B7D07500BFE6D6 /* TwitterCloneUITests */,
			);
		};
/* End PBXProject section */

/* Begin PBXResourcesBuildPhase section */
		887B799928B7D07300BFE6D6 /* Resources */ = {
			isa = PBXResourcesBuildPhase;
			buildActionMask = 2147483647;
			files = (
				887B79AB28B7D07500BFE6D6 /* LaunchScreen.storyboard in Resources */,
				887B79A828B7D07500BFE6D6 /* Assets.xcassets in Resources */,
			);
			runOnlyForDeploymentPostprocessing = 0;
		};
		887B79AF28B7D07500BFE6D6 /* Resources */ = {
			isa = PBXResourcesBuildPhase;
			buildActionMask = 2147483647;
			files = (
			);
			runOnlyForDeploymentPostprocessing = 0;
		};
		887B79B928B7D07500BFE6D6 /* Resources */ = {
			isa = PBXResourcesBuildPhase;
			buildActionMask = 2147483647;
			files = (
			);
			runOnlyForDeploymentPostprocessing = 0;
		};
/* End PBXResourcesBuildPhase section */

/* Begin PBXSourcesBuildPhase section */
		887B799728B7D07300BFE6D6 /* Sources */ = {
			isa = PBXSourcesBuildPhase;
			buildActionMask = 2147483647;
			files = (
				887B79D428B7D25900BFE6D6 /* SearchViewController.swift in Sources */,
				887B79A328B7D07300BFE6D6 /* MainTabBarViewController.swift in Sources */,
				887B799F28B7D07300BFE6D6 /* AppDelegate.swift in Sources */,
				887B79D628B7D26700BFE6D6 /* NotificationsViewController.swift in Sources */,
				887B79A128B7D07300BFE6D6 /* SceneDelegate.swift in Sources */,
				887B79D228B7D24B00BFE6D6 /* HomeViewController.swift in Sources */,
				88DC928928B7FB6600FB52A2 /* ProfileViewController.swift in Sources */,
				88DC928B28BA7ADB00FB52A2 /* ProfileHeaderView.swift in Sources */,
				887B79D828B7D27200BFE6D6 /* DirectMessagesViewController.swift in Sources */,
				88DC928428B7D81D00FB52A2 /* TweetTableViewCell.swift in Sources */,
			);
			runOnlyForDeploymentPostprocessing = 0;
		};
		887B79AD28B7D07500BFE6D6 /* Sources */ = {
			isa = PBXSourcesBuildPhase;
			buildActionMask = 2147483647;
			files = (
				887B79B628B7D07500BFE6D6 /* TwitterCloneTests.swift in Sources */,
			);
			runOnlyForDeploymentPostprocessing = 0;
		};
		887B79B728B7D07500BFE6D6 /* Sources */ = {
			isa = PBXSourcesBuildPhase;
			buildActionMask = 2147483647;
			files = (
				887B79C228B7D07500BFE6D6 /* TwitterCloneUITestsLaunchTests.swift in Sources */,
				887B79C028B7D07500BFE6D6 /* TwitterCloneUITests.swift in Sources */,
			);
			runOnlyForDeploymentPostprocessing = 0;
		};
/* End PBXSourcesBuildPhase section */

/* Begin PBXTargetDependency section */
		887B79B328B7D07500BFE6D6 /* PBXTargetDependency */ = {
			isa = PBXTargetDependency;
			target = 887B799A28B7D07300BFE6D6 /* TwitterClone */;
			targetProxy = 887B79B228B7D07500BFE6D6 /* PBXContainerItemProxy */;
		};
		887B79BD28B7D07500BFE6D6 /* PBXTargetDependency */ = {
			isa = PBXTargetDependency;
			target = 887B799A28B7D07300BFE6D6 /* TwitterClone */;
			targetProxy = 887B79BC28B7D07500BFE6D6 /* PBXContainerItemProxy */;
		};
/* End PBXTargetDependency section */

/* Begin PBXVariantGroup section */
		887B79A928B7D07500BFE6D6 /* LaunchScreen.storyboard */ = {
			isa = PBXVariantGroup;
			children = (
				887B79AA28B7D07500BFE6D6 /* Base */,
			);
			name = LaunchScreen.storyboard;
			sourceTree = "<group>";
		};
/* End PBXVariantGroup section */

/* Begin XCBuildConfiguration section */
		887B79C328B7D07500BFE6D6 /* Debug */ = {
			isa = XCBuildConfiguration;
			buildSettings = {
				ALWAYS_SEARCH_USER_PATHS = NO;
				CLANG_ANALYZER_NONNULL = YES;
				CLANG_ANALYZER_NUMBER_OBJECT_CONVERSION = YES_AGGRESSIVE;
				CLANG_CXX_LANGUAGE_STANDARD = "gnu++17";
				CLANG_ENABLE_MODULES = YES;
				CLANG_ENABLE_OBJC_ARC = YES;
				CLANG_ENABLE_OBJC_WEAK = YES;
				CLANG_WARN_BLOCK_CAPTURE_AUTORELEASING = YES;
				CLANG_WARN_BOOL_CONVERSION = YES;
				CLANG_WARN_COMMA = YES;
				CLANG_WARN_CONSTANT_CONVERSION = YES;
				CLANG_WARN_DEPRECATED_OBJC_IMPLEMENTATIONS = YES;
				CLANG_WARN_DIRECT_OBJC_ISA_USAGE = YES_ERROR;
				CLANG_WARN_DOCUMENTATION_COMMENTS = YES;
				CLANG_WARN_EMPTY_BODY = YES;
				CLANG_WARN_ENUM_CONVERSION = YES;
				CLANG_WARN_INFINITE_RECURSION = YES;
				CLANG_WARN_INT_CONVERSION = YES;
				CLANG_WARN_NON_LITERAL_NULL_CONVERSION = YES;
				CLANG_WARN_OBJC_IMPLICIT_RETAIN_SELF = YES;
				CLANG_WARN_OBJC_LITERAL_CONVERSION = YES;
				CLANG_WARN_OBJC_ROOT_CLASS = YES_ERROR;
				CLANG_WARN_QUOTED_INCLUDE_IN_FRAMEWORK_HEADER = YES;
				CLANG_WARN_RANGE_LOOP_ANALYSIS = YES;
				CLANG_WARN_STRICT_PROTOTYPES = YES;
				CLANG_WARN_SUSPICIOUS_MOVE = YES;
				CLANG_WARN_UNGUARDED_AVAILABILITY = YES_AGGRESSIVE;
				CLANG_WARN_UNREACHABLE_CODE = YES;
				CLANG_WARN__DUPLICATE_METHOD_MATCH = YES;
				COPY_PHASE_STRIP = NO;
				DEBUG_INFORMATION_FORMAT = dwarf;
				ENABLE_STRICT_OBJC_MSGSEND = YES;
				ENABLE_TESTABILITY = YES;
				GCC_C_LANGUAGE_STANDARD = gnu11;
				GCC_DYNAMIC_NO_PIC = NO;
				GCC_NO_COMMON_BLOCKS = YES;
				GCC_OPTIMIZATION_LEVEL = 0;
				GCC_PREPROCESSOR_DEFINITIONS = (
					"DEBUG=1",
					"$(inherited)",
				);
				GCC_WARN_64_TO_32_BIT_CONVERSION = YES;
				GCC_WARN_ABOUT_RETURN_TYPE = YES_ERROR;
				GCC_WARN_UNDECLARED_SELECTOR = YES;
				GCC_WARN_UNINITIALIZED_AUTOS = YES_AGGRESSIVE;
				GCC_WARN_UNUSED_FUNCTION = YES;
				GCC_WARN_UNUSED_VARIABLE = YES;
				IPHONEOS_DEPLOYMENT_TARGET = 15.5;
				MTL_ENABLE_DEBUG_INFO = INCLUDE_SOURCE;
				MTL_FAST_MATH = YES;
				ONLY_ACTIVE_ARCH = YES;
				SDKROOT = iphoneos;
				SWIFT_ACTIVE_COMPILATION_CONDITIONS = DEBUG;
				SWIFT_OPTIMIZATION_LEVEL = "-Onone";
			};
			name = Debug;
		};
		887B79C428B7D07500BFE6D6 /* Release */ = {
			isa = XCBuildConfiguration;
			buildSettings = {
				ALWAYS_SEARCH_USER_PATHS = NO;
				CLANG_ANALYZER_NONNULL = YES;
				CLANG_ANALYZER_NUMBER_OBJECT_CONVERSION = YES_AGGRESSIVE;
				CLANG_CXX_LANGUAGE_STANDARD = "gnu++17";
				CLANG_ENABLE_MODULES = YES;
				CLANG_ENABLE_OBJC_ARC = YES;
				CLANG_ENABLE_OBJC_WEAK = YES;
				CLANG_WARN_BLOCK_CAPTURE_AUTORELEASING = YES;
				CLANG_WARN_BOOL_CONVERSION = YES;
				CLANG_WARN_COMMA = YES;
				CLANG_WARN_CONSTANT_CONVERSION = YES;
				CLANG_WARN_DEPRECATED_OBJC_IMPLEMENTATIONS = YES;
				CLANG_WARN_DIRECT_OBJC_ISA_USAGE = YES_ERROR;
				CLANG_WARN_DOCUMENTATION_COMMENTS = YES;
				CLANG_WARN_EMPTY_BODY = YES;
				CLANG_WARN_ENUM_CONVERSION = YES;
				CLANG_WARN_INFINITE_RECURSION = YES;
				CLANG_WARN_INT_CONVERSION = YES;
				CLANG_WARN_NON_LITERAL_NULL_CONVERSION = YES;
				CLANG_WARN_OBJC_IMPLICIT_RETAIN_SELF = YES;
				CLANG_WARN_OBJC_LITERAL_CONVERSION = YES;
				CLANG_WARN_OBJC_ROOT_CLASS = YES_ERROR;
				CLANG_WARN_QUOTED_INCLUDE_IN_FRAMEWORK_HEADER = YES;
				CLANG_WARN_RANGE_LOOP_ANALYSIS = YES;
				CLANG_WARN_STRICT_PROTOTYPES = YES;
				CLANG_WARN_SUSPICIOUS_MOVE = YES;
				CLANG_WARN_UNGUARDED_AVAILABILITY = YES_AGGRESSIVE;
				CLANG_WARN_UNREACHABLE_CODE = YES;
				CLANG_WARN__DUPLICATE_METHOD_MATCH = YES;
				COPY_PHASE_STRIP = NO;
				DEBUG_INFORMATION_FORMAT = "dwarf-with-dsym";
				ENABLE_NS_ASSERTIONS = NO;
				ENABLE_STRICT_OBJC_MSGSEND = YES;
				GCC_C_LANGUAGE_STANDARD = gnu11;
				GCC_NO_COMMON_BLOCKS = YES;
				GCC_WARN_64_TO_32_BIT_CONVERSION = YES;
				GCC_WARN_ABOUT_RETURN_TYPE = YES_ERROR;
				GCC_WARN_UNDECLARED_SELECTOR = YES;
				GCC_WARN_UNINITIALIZED_AUTOS = YES_AGGRESSIVE;
				GCC_WARN_UNUSED_FUNCTION = YES;
				GCC_WARN_UNUSED_VARIABLE = YES;
				IPHONEOS_DEPLOYMENT_TARGET = 15.5;
				MTL_ENABLE_DEBUG_INFO = NO;
				MTL_FAST_MATH = YES;
				SDKROOT = iphoneos;
				SWIFT_COMPILATION_MODE = wholemodule;
				SWIFT_OPTIMIZATION_LEVEL = "-O";
				VALIDATE_PRODUCT = YES;
			};
			name = Release;
		};
		887B79C628B7D07500BFE6D6 /* Debug */ = {
			isa = XCBuildConfiguration;
			buildSettings = {
				ASSETCATALOG_COMPILER_APPICON_NAME = AppIcon;
				ASSETCATALOG_COMPILER_GLOBAL_ACCENT_COLOR_NAME = AccentColor;
				CODE_SIGN_STYLE = Automatic;
				CURRENT_PROJECT_VERSION = 1;
				DEVELOPMENT_TEAM = 2VL68VCH8T;
				GENERATE_INFOPLIST_FILE = YES;
				INFOPLIST_FILE = TwitterClone/Info.plist;
				INFOPLIST_KEY_UIApplicationSupportsIndirectInputEvents = YES;
				INFOPLIST_KEY_UILaunchStoryboardName = LaunchScreen;
				INFOPLIST_KEY_UISupportedInterfaceOrientations_iPad = "UIInterfaceOrientationPortrait UIInterfaceOrientationPortraitUpsideDown UIInterfaceOrientationLandscapeLeft UIInterfaceOrientationLandscapeRight";
				INFOPLIST_KEY_UISupportedInterfaceOrientations_iPhone = "UIInterfaceOrientationPortrait UIInterfaceOrientationLandscapeLeft UIInterfaceOrientationLandscapeRight";
				LD_RUNPATH_SEARCH_PATHS = (
					"$(inherited)",
					"@executable_path/Frameworks",
				);
				MARKETING_VERSION = 1.0;
				PRODUCT_BUNDLE_IDENTIFIER = com.aminbagheri.TwitterClone;
				PRODUCT_NAME = "$(TARGET_NAME)";
				SWIFT_EMIT_LOC_STRINGS = YES;
				SWIFT_VERSION = 5.0;
				TARGETED_DEVICE_FAMILY = "1,2";
			};
			name = Debug;
		};
		887B79C728B7D07500BFE6D6 /* Release */ = {
			isa = XCBuildConfiguration;
			buildSettings = {
				ASSETCATALOG_COMPILER_APPICON_NAME = AppIcon;
				ASSETCATALOG_COMPILER_GLOBAL_ACCENT_COLOR_NAME = AccentColor;
				CODE_SIGN_STYLE = Automatic;
				CURRENT_PROJECT_VERSION = 1;
				DEVELOPMENT_TEAM = 2VL68VCH8T;
				GENERATE_INFOPLIST_FILE = YES;
				INFOPLIST_FILE = TwitterClone/Info.plist;
				INFOPLIST_KEY_UIApplicationSupportsIndirectInputEvents = YES;
				INFOPLIST_KEY_UILaunchStoryboardName = LaunchScreen;
				INFOPLIST_KEY_UISupportedInterfaceOrientations_iPad = "UIInterfaceOrientationPortrait UIInterfaceOrientationPortraitUpsideDown UIInterfaceOrientationLandscapeLeft UIInterfaceOrientationLandscapeRight";
				INFOPLIST_KEY_UISupportedInterfaceOrientations_iPhone = "UIInterfaceOrientationPortrait UIInterfaceOrientationLandscapeLeft UIInterfaceOrientationLandscapeRight";
				LD_RUNPATH_SEARCH_PATHS = (
					"$(inherited)",
					"@executable_path/Frameworks",
				);
				MARKETING_VERSION = 1.0;
				PRODUCT_BUNDLE_IDENTIFIER = com.aminbagheri.TwitterClone;
				PRODUCT_NAME = "$(TARGET_NAME)";
				SWIFT_EMIT_LOC_STRINGS = YES;
				SWIFT_VERSION = 5.0;
				TARGETED_DEVICE_FAMILY = "1,2";
			};
			name = Release;
		};
		887B79C928B7D07500BFE6D6 /* Debug */ = {
			isa = XCBuildConfiguration;
			buildSettings = {
				ALWAYS_EMBED_SWIFT_STANDARD_LIBRARIES = YES;
				BUNDLE_LOADER = "$(TEST_HOST)";
				CODE_SIGN_STYLE = Automatic;
				CURRENT_PROJECT_VERSION = 1;
				DEVELOPMENT_TEAM = 2VL68VCH8T;
				GENERATE_INFOPLIST_FILE = YES;
				IPHONEOS_DEPLOYMENT_TARGET = 15.5;
				MARKETING_VERSION = 1.0;
				PRODUCT_BUNDLE_IDENTIFIER = com.aminbagheri.TwitterCloneTests;
				PRODUCT_NAME = "$(TARGET_NAME)";
				SWIFT_EMIT_LOC_STRINGS = NO;
				SWIFT_VERSION = 5.0;
				TARGETED_DEVICE_FAMILY = "1,2";
				TEST_HOST = "$(BUILT_PRODUCTS_DIR)/TwitterClone.app/TwitterClone";
			};
			name = Debug;
		};
		887B79CA28B7D07500BFE6D6 /* Release */ = {
			isa = XCBuildConfiguration;
			buildSettings = {
				ALWAYS_EMBED_SWIFT_STANDARD_LIBRARIES = YES;
				BUNDLE_LOADER = "$(TEST_HOST)";
				CODE_SIGN_STYLE = Automatic;
				CURRENT_PROJECT_VERSION = 1;
				DEVELOPMENT_TEAM = 2VL68VCH8T;
				GENERATE_INFOPLIST_FILE = YES;
				IPHONEOS_DEPLOYMENT_TARGET = 15.5;
				MARKETING_VERSION = 1.0;
				PRODUCT_BUNDLE_IDENTIFIER = com.aminbagheri.TwitterCloneTests;
				PRODUCT_NAME = "$(TARGET_NAME)";
				SWIFT_EMIT_LOC_STRINGS = NO;
				SWIFT_VERSION = 5.0;
				TARGETED_DEVICE_FAMILY = "1,2";
				TEST_HOST = "$(BUILT_PRODUCTS_DIR)/TwitterClone.app/TwitterClone";
			};
			name = Release;
		};
		887B79CC28B7D07500BFE6D6 /* Debug */ = {
			isa = XCBuildConfiguration;
			buildSettings = {
				ALWAYS_EMBED_SWIFT_STANDARD_LIBRARIES = YES;
				CODE_SIGN_STYLE = Automatic;
				CURRENT_PROJECT_VERSION = 1;
				DEVELOPMENT_TEAM = 2VL68VCH8T;
				GENERATE_INFOPLIST_FILE = YES;
				MARKETING_VERSION = 1.0;
				PRODUCT_BUNDLE_IDENTIFIER = com.aminbagheri.TwitterCloneUITests;
				PRODUCT_NAME = "$(TARGET_NAME)";
				SWIFT_EMIT_LOC_STRINGS = NO;
				SWIFT_VERSION = 5.0;
				TARGETED_DEVICE_FAMILY = "1,2";
				TEST_TARGET_NAME = TwitterClone;
			};
			name = Debug;
		};
		887B79CD28B7D07500BFE6D6 /* Release */ = {
			isa = XCBuildConfiguration;
			buildSettings = {
				ALWAYS_EMBED_SWIFT_STANDARD_LIBRARIES = YES;
				CODE_SIGN_STYLE = Automatic;
				CURRENT_PROJECT_VERSION = 1;
				DEVELOPMENT_TEAM = 2VL68VCH8T;
				GENERATE_INFOPLIST_FILE = YES;
				MARKETING_VERSION = 1.0;
				PRODUCT_BUNDLE_IDENTIFIER = com.aminbagheri.TwitterCloneUITests;
				PRODUCT_NAME = "$(TARGET_NAME)";
				SWIFT_EMIT_LOC_STRINGS = NO;
				SWIFT_VERSION = 5.0;
				TARGETED_DEVICE_FAMILY = "1,2";
				TEST_TARGET_NAME = TwitterClone;
			};
			name = Release;
		};
/* End XCBuildConfiguration section */

/* Begin XCConfigurationList section */
		887B799628B7D07300BFE6D6 /* Build configuration list for PBXProject "TwitterClone" */ = {
			isa = XCConfigurationList;
			buildConfigurations = (
				887B79C328B7D07500BFE6D6 /* Debug */,
				887B79C428B7D07500BFE6D6 /* Release */,
			);
			defaultConfigurationIsVisible = 0;
			defaultConfigurationName = Release;
		};
		887B79C528B7D07500BFE6D6 /* Build configuration list for PBXNativeTarget "TwitterClone" */ = {
			isa = XCConfigurationList;
			buildConfigurations = (
				887B79C628B7D07500BFE6D6 /* Debug */,
				887B79C728B7D07500BFE6D6 /* Release */,
			);
			defaultConfigurationIsVisible = 0;
			defaultConfigurationName = Release;
		};
		887B79C828B7D07500BFE6D6 /* Build configuration list for PBXNativeTarget "TwitterCloneTests" */ = {
			isa = XCConfigurationList;
			buildConfigurations = (
				887B79C928B7D07500BFE6D6 /* Debug */,
				887B79CA28B7D07500BFE6D6 /* Release */,
			);
			defaultConfigurationIsVisible = 0;
			defaultConfigurationName = Release;
		};
		887B79CB28B7D07500BFE6D6 /* Build configuration list for PBXNativeTarget "TwitterCloneUITests" */ = {
			isa = XCConfigurationList;
			buildConfigurations = (
				887B79CC28B7D07500BFE6D6 /* Debug */,
				887B79CD28B7D07500BFE6D6 /* Release */,
			);
			defaultConfigurationIsVisible = 0;
			defaultConfigurationName = Release;
		};
/* End XCConfigurationList section */
	};
	rootObject = 887B799328B7D07300BFE6D6 /* Project object */;
}
